
Microsoft Visual Studio Solution File, Format Version 12.00
# Visual Studio Version 17
VisualStudioVersion = 17.4.33213.308
MinimumVisualStudioVersion = 10.0.40219.1
Project("{9A19103F-16F7-4668-BE54-9A1E7A4F7556}") = "GoColis.Shipping.Api", "GoColis.Shipping.API\GoColis.Shipping.Api.csproj", "{5B3348EF-ED94-43A1-8C4C-3D62652C6BB2}"
EndProject
Project("{FAE04EC0-301F-11D3-BF4B-00C04F79EFBC}") = "GoColis.Shipping.Domain", "GoColis.Shipping.Domain\GoColis.Shipping.Domain.csproj", "{91595803-C833-4365-A220-1BFC07F61A9D}"
EndProject
Project("{FAE04EC0-301F-11D3-BF4B-00C04F79EFBC}") = "GoColis.Shpping.Infrastructure", "GoColis.Shpping.Infrastructure\GoColis.Shpping.Infrastructure.csproj", "{7B4BF6F2-BB2F-4768-BC11-08810FCB93A8}"
EndProject
Global
	GlobalSection(SolutionConfigurationPlatforms) = preSolution
		Debug|Any CPU = Debug|Any CPU
		Release|Any CPU = Release|Any CPU
	EndGlobalSection
	GlobalSection(ProjectConfigurationPlatforms) = postSolution
		{5B3348EF-ED94-43A1-8C4C-3D62652C6BB2}.Debug|Any CPU.ActiveCfg = Debug|Any CPU
		{5B3348EF-ED94-43A1-8C4C-3D62652C6BB2}.Debug|Any CPU.Build.0 = Debug|Any CPU
		{5B3348EF-ED94-43A1-8C4C-3D62652C6BB2}.Release|Any CPU.ActiveCfg = Release|Any CPU
		{5B3348EF-ED94-43A1-8C4C-3D62652C6BB2}.Release|Any CPU.Build.0 = Release|Any CPU
		{91595803-C833-4365-A220-1BFC07F61A9D}.Debug|Any CPU.ActiveCfg = Debug|Any CPU
		{91595803-C833-4365-A220-1BFC07F61A9D}.Debug|Any CPU.Build.0 = Debug|Any CPU
		{91595803-C833-4365-A220-1BFC07F61A9D}.Release|Any CPU.ActiveCfg = Release|Any CPU
		{91595803-C833-4365-A220-1BFC07F61A9D}.Release|Any CPU.Build.0 = Release|Any CPU
		{7B4BF6F2-BB2F-4768-BC11-08810FCB93A8}.Debug|Any CPU.ActiveCfg = Debug|Any CPU
		{7B4BF6F2-BB2F-4768-BC11-08810FCB93A8}.Debug|Any CPU.Build.0 = Debug|Any CPU
		{7B4BF6F2-BB2F-4768-BC11-08810FCB93A8}.Release|Any CPU.ActiveCfg = Release|Any CPU
		{7B4BF6F2-BB2F-4768-BC11-08810FCB93A8}.Release|Any CPU.Build.0 = Release|Any CPU
	EndGlobalSection
	GlobalSection(SolutionProperties) = preSolution
		HideSolutionNode = FALSE
	EndGlobalSection
	GlobalSection(ExtensibilityGlobals) = postSolution
		SolutionGuid = {DCCF04AB-9839-4D69-A632-35B9712D8BEC}
	EndGlobalSection
EndGlobal
